
Microsoft Visual Studio Solution File, Format Version 12.00
# Visual Studio Version 16
VisualStudioVersion = 16.0.31129.286
MinimumVisualStudioVersion = 10.0.40219.1
Project("{FAE04EC0-301F-11D3-BF4B-00C04F79EFBC}") = "DogBreeders", "DogBreeders\DogBreeders.csproj", "{CBEDFC16-0765-46C1-9025-A4F28AC67955}"
EndProject
Global
	GlobalSection(SolutionConfigurationPlatforms) = preSolution
		Debug|Any CPU = Debug|Any CPU
		Release|Any CPU = Release|Any CPU
	EndGlobalSection
	GlobalSection(ProjectConfigurationPlatforms) = postSolution
		{CBEDFC16-0765-46C1-9025-A4F28AC67955}.Debug|Any CPU.ActiveCfg = Debug|Any CPU
		{CBEDFC16-0765-46C1-9025-A4F28AC67955}.Debug|Any CPU.Build.0 = Debug|Any CPU
		{CBEDFC16-0765-46C1-9025-A4F28AC67955}.Release|Any CPU.ActiveCfg = Release|Any CPU
		{CBEDFC16-0765-46C1-9025-A4F28AC67955}.Release|Any CPU.Build.0 = Release|Any CPU
	EndGlobalSection
	GlobalSection(SolutionProperties) = preSolution
		HideSolutionNode = FALSE
	EndGlobalSection
	GlobalSection(ExtensibilityGlobals) = postSolution
		SolutionGuid = {9E9D26A3-2512-42A3-BD14-DC961A9C441E}
	EndGlobalSection
EndGlobal
